
Microsoft Visual Studio Solution File, Format Version 12.00
# Visual Studio Version 16
VisualStudioVersion = 16.0.31321.278
MinimumVisualStudioVersion = 10.0.40219.1
Project("{FAE04EC0-301F-11D3-BF4B-00C04F79EFBC}") = "CrudSample", "CrudSample.csproj", "{125CA538-92A8-4746-8BEF-F47D4B00F1B4}"
EndProject
Global
	GlobalSection(SolutionConfigurationPlatforms) = preSolution
		Debug|Any CPU = Debug|Any CPU
		Release|Any CPU = Release|Any CPU
	EndGlobalSection
	GlobalSection(ProjectConfigurationPlatforms) = postSolution
		{125CA538-92A8-4746-8BEF-F47D4B00F1B4}.Debug|Any CPU.ActiveCfg = Debug|Any CPU
		{125CA538-92A8-4746-8BEF-F47D4B00F1B4}.Debug|Any CPU.Build.0 = Debug|Any CPU
		{125CA538-92A8-4746-8BEF-F47D4B00F1B4}.Release|Any CPU.ActiveCfg = Release|Any CPU
		{125CA538-92A8-4746-8BEF-F47D4B00F1B4}.Release|Any CPU.Build.0 = Release|Any CPU
	EndGlobalSection
	GlobalSection(SolutionProperties) = preSolution
		HideSolutionNode = FALSE
	EndGlobalSection
	GlobalSection(ExtensibilityGlobals) = postSolution
		SolutionGuid = {3B264FEC-F4DB-4A62-A751-4C149BCDA8DD}
	EndGlobalSection
EndGlobal
